
Microsoft Visual Studio Solution File, Format Version 12.00
# Visual Studio Version 16
VisualStudioVersion = 16.0.32126.315
MinimumVisualStudioVersion = 10.0.40219.1
Project("{2150E333-8FDC-42A3-9474-1A3956D46DE8}") = "01.Common", "01.Common", "{DF93D20F-3C7B-42E2-9DE4-6213F08DDEE8}"
EndProject
Project("{2150E333-8FDC-42A3-9474-1A3956D46DE8}") = "02.Services", "02.Services", "{4C9C3689-114A-40FF-A86B-D4ABF4CE620B}"
EndProject
Project("{2150E333-8FDC-42A3-9474-1A3956D46DE8}") = "03.API", "03.API", "{68EB8837-642D-4FC5-88F2-0D76F1246701}"
EndProject
Project("{9A19103F-16F7-4668-BE54-9A1E7A4F7556}") = "SV.HRM.API", "03.API\SV.HRM.API\SV.HRM.API.csproj", "{181E8509-046B-4B97-ABFA-EB6589DEBB27}"
EndProject
Project("{9A19103F-16F7-4668-BE54-9A1E7A4F7556}") = "SV.HRM.Models", "01.Common\SV.HRM.Models\SV.HRM.Models.csproj", "{BBC342BD-7C3B-40A5-80C5-DFFEA856408F}"
EndProject
Project("{9A19103F-16F7-4668-BE54-9A1E7A4F7556}") = "SV.HRM.Core", "01.Common\SV.HRM.Core\SV.HRM.Core.csproj", "{1CB9AA30-771C-4ED4-8312-AA3AC4052145}"
EndProject
Project("{9A19103F-16F7-4668-BE54-9A1E7A4F7556}") = "SV.HRM.DataProcess", "01.Common\SV.HRM.DataProcess\SV.HRM.DataProcess.csproj", "{A9F7B0DD-BA93-4AE0-96D9-AA5463178872}"
EndProject
Project("{9A19103F-16F7-4668-BE54-9A1E7A4F7556}") = "SV.HRM.Logging", "01.Common\SV.HRM.Logging\SV.HRM.Logging.csproj", "{F35DFA81-E23D-4E1C-8F87-E33B7D046C6E}"
EndProject
Project("{9A19103F-16F7-4668-BE54-9A1E7A4F7556}") = "SV.HRM.Caching", "01.Common\SV.HRM.Caching\SV.HRM.Caching.csproj", "{DC53F68F-5978-4FF3-8981-92E7B9CFAABD}"
EndProject
Project("{9A19103F-16F7-4668-BE54-9A1E7A4F7556}") = "SV.HRM.Service.ThongTinNhanSu", "02.Services\SV.HRM.Service.ThongTinNhanSu\SV.HRM.Service.ThongTinNhanSu.csproj", "{E234F402-2526-4E06-A872-BBE61C34730E}"
EndProject
Project("{9A19103F-16F7-4668-BE54-9A1E7A4F7556}") = "SV.HRM.Service.QuanTriDanhMuc", "02.Services\SV.HRM.Service.QuanTriDanhMuc\SV.HRM.Service.QuanTriDanhMuc.csproj", "{E928E9F3-8A59-4A12-9E9F-AF14CB3031A0}"
EndProject
Project("{9A19103F-16F7-4668-BE54-9A1E7A4F7556}") = "SV.HRM.Service.BaseServices", "02.Services\SV.HRM.Service.BaseServices\SV.HRM.Service.BaseServices.csproj", "{A08DFDF8-FB38-4BB9-9ACF-8E7B7AB6E8D6}"
EndProject
Project("{9A19103F-16F7-4668-BE54-9A1E7A4F7556}") = "SV.HRM.Service.Report", "02.Services\SV.HRM.Service.Report\SV.HRM.Service.Report.csproj", "{0B0AA9B6-3E32-479F-B3C4-2514A9CDB6EB}"
EndProject
Project("{9A19103F-16F7-4668-BE54-9A1E7A4F7556}") = "SV.HRM.Service.Attendance", "02.Services\SV.HRM.Service.Attendance\SV.HRM.Service.Attendance.csproj", "{58BFDCE3-41F1-4A48-BE80-CE782DD1F958}"
EndProject
Project("{9A19103F-16F7-4668-BE54-9A1E7A4F7556}") = "SV.HRM.Service.LeaveManagement", "02.Services\SV.HRM.Service.LeaveManagement\SV.HRM.Service.LeaveManagement.csproj", "{D5EF30FC-263A-4397-96F8-60F944234A1B}"
EndProject
Project("{9A19103F-16F7-4668-BE54-9A1E7A4F7556}") = "SV.HRM.Service.Training", "02.Services\SV.HRM.Service.Training\SV.HRM.Service.Training.csproj", "{570B8805-4489-460C-86D9-05F382756E43}"
EndProject
Global
	GlobalSection(SolutionConfigurationPlatforms) = preSolution
		Debug|Any CPU = Debug|Any CPU
		Release|Any CPU = Release|Any CPU
	EndGlobalSection
	GlobalSection(ProjectConfigurationPlatforms) = postSolution
		{181E8509-046B-4B97-ABFA-EB6589DEBB27}.Debug|Any CPU.ActiveCfg = Debug|Any CPU
		{181E8509-046B-4B97-ABFA-EB6589DEBB27}.Debug|Any CPU.Build.0 = Debug|Any CPU
		{181E8509-046B-4B97-ABFA-EB6589DEBB27}.Release|Any CPU.ActiveCfg = Release|Any CPU
		{181E8509-046B-4B97-ABFA-EB6589DEBB27}.Release|Any CPU.Build.0 = Release|Any CPU
		{BBC342BD-7C3B-40A5-80C5-DFFEA856408F}.Debug|Any CPU.ActiveCfg = Debug|Any CPU
		{BBC342BD-7C3B-40A5-80C5-DFFEA856408F}.Debug|Any CPU.Build.0 = Debug|Any CPU
		{BBC342BD-7C3B-40A5-80C5-DFFEA856408F}.Release|Any CPU.ActiveCfg = Release|Any CPU
		{BBC342BD-7C3B-40A5-80C5-DFFEA856408F}.Release|Any CPU.Build.0 = Release|Any CPU
		{1CB9AA30-771C-4ED4-8312-AA3AC4052145}.Debug|Any CPU.ActiveCfg = Debug|Any CPU
		{1CB9AA30-771C-4ED4-8312-AA3AC4052145}.Debug|Any CPU.Build.0 = Debug|Any CPU
		{1CB9AA30-771C-4ED4-8312-AA3AC4052145}.Release|Any CPU.ActiveCfg = Release|Any CPU
		{1CB9AA30-771C-4ED4-8312-AA3AC4052145}.Release|Any CPU.Build.0 = Release|Any CPU
		{A9F7B0DD-BA93-4AE0-96D9-AA5463178872}.Debug|Any CPU.ActiveCfg = Debug|Any CPU
		{A9F7B0DD-BA93-4AE0-96D9-AA5463178872}.Debug|Any CPU.Build.0 = Debug|Any CPU
		{A9F7B0DD-BA93-4AE0-96D9-AA5463178872}.Release|Any CPU.ActiveCfg = Release|Any CPU
		{A9F7B0DD-BA93-4AE0-96D9-AA5463178872}.Release|Any CPU.Build.0 = Release|Any CPU
		{F35DFA81-E23D-4E1C-8F87-E33B7D046C6E}.Debug|Any CPU.ActiveCfg = Debug|Any CPU
		{F35DFA81-E23D-4E1C-8F87-E33B7D046C6E}.Debug|Any CPU.Build.0 = Debug|Any CPU
		{F35DFA81-E23D-4E1C-8F87-E33B7D046C6E}.Release|Any CPU.ActiveCfg = Release|Any CPU
		{F35DFA81-E23D-4E1C-8F87-E33B7D046C6E}.Release|Any CPU.Build.0 = Release|Any CPU
		{DC53F68F-5978-4FF3-8981-92E7B9CFAABD}.Debug|Any CPU.ActiveCfg = Debug|Any CPU
		{DC53F68F-5978-4FF3-8981-92E7B9CFAABD}.Debug|Any CPU.Build.0 = Debug|Any CPU
		{DC53F68F-5978-4FF3-8981-92E7B9CFAABD}.Release|Any CPU.ActiveCfg = Release|Any CPU
		{DC53F68F-5978-4FF3-8981-92E7B9CFAABD}.Release|Any CPU.Build.0 = Release|Any CPU
		{E234F402-2526-4E06-A872-BBE61C34730E}.Debug|Any CPU.ActiveCfg = Debug|Any CPU
		{E234F402-2526-4E06-A872-BBE61C34730E}.Debug|Any CPU.Build.0 = Debug|Any CPU
		{E234F402-2526-4E06-A872-BBE61C34730E}.Release|Any CPU.ActiveCfg = Release|Any CPU
		{E234F402-2526-4E06-A872-BBE61C34730E}.Release|Any CPU.Build.0 = Release|Any CPU
		{E928E9F3-8A59-4A12-9E9F-AF14CB3031A0}.Debug|Any CPU.ActiveCfg = Debug|Any CPU
		{E928E9F3-8A59-4A12-9E9F-AF14CB3031A0}.Debug|Any CPU.Build.0 = Debug|Any CPU
		{E928E9F3-8A59-4A12-9E9F-AF14CB3031A0}.Release|Any CPU.ActiveCfg = Release|Any CPU
		{E928E9F3-8A59-4A12-9E9F-AF14CB3031A0}.Release|Any CPU.Build.0 = Release|Any CPU
		{A08DFDF8-FB38-4BB9-9ACF-8E7B7AB6E8D6}.Debug|Any CPU.ActiveCfg = Debug|Any CPU
		{A08DFDF8-FB38-4BB9-9ACF-8E7B7AB6E8D6}.Debug|Any CPU.Build.0 = Debug|Any CPU
		{A08DFDF8-FB38-4BB9-9ACF-8E7B7AB6E8D6}.Release|Any CPU.ActiveCfg = Release|Any CPU
		{A08DFDF8-FB38-4BB9-9ACF-8E7B7AB6E8D6}.Release|Any CPU.Build.0 = Release|Any CPU
		{0B0AA9B6-3E32-479F-B3C4-2514A9CDB6EB}.Debug|Any CPU.ActiveCfg = Debug|Any CPU
		{0B0AA9B6-3E32-479F-B3C4-2514A9CDB6EB}.Debug|Any CPU.Build.0 = Debug|Any CPU
		{0B0AA9B6-3E32-479F-B3C4-2514A9CDB6EB}.Release|Any CPU.ActiveCfg = Release|Any CPU
		{0B0AA9B6-3E32-479F-B3C4-2514A9CDB6EB}.Release|Any CPU.Build.0 = Release|Any CPU
		{58BFDCE3-41F1-4A48-BE80-CE782DD1F958}.Debug|Any CPU.ActiveCfg = Debug|Any CPU
		{58BFDCE3-41F1-4A48-BE80-CE782DD1F958}.Debug|Any CPU.Build.0 = Debug|Any CPU
		{58BFDCE3-41F1-4A48-BE80-CE782DD1F958}.Release|Any CPU.ActiveCfg = Release|Any CPU
		{58BFDCE3-41F1-4A48-BE80-CE782DD1F958}.Release|Any CPU.Build.0 = Release|Any CPU
		{D5EF30FC-263A-4397-96F8-60F944234A1B}.Debug|Any CPU.ActiveCfg = Debug|Any CPU
		{D5EF30FC-263A-4397-96F8-60F944234A1B}.Debug|Any CPU.Build.0 = Debug|Any CPU
		{D5EF30FC-263A-4397-96F8-60F944234A1B}.Release|Any CPU.ActiveCfg = Release|Any CPU
		{D5EF30FC-263A-4397-96F8-60F944234A1B}.Release|Any CPU.Build.0 = Release|Any CPU
		{570B8805-4489-460C-86D9-05F382756E43}.Debug|Any CPU.ActiveCfg = Debug|Any CPU
		{570B8805-4489-460C-86D9-05F382756E43}.Debug|Any CPU.Build.0 = Debug|Any CPU
		{570B8805-4489-460C-86D9-05F382756E43}.Release|Any CPU.ActiveCfg = Release|Any CPU
		{570B8805-4489-460C-86D9-05F382756E43}.Release|Any CPU.Build.0 = Release|Any CPU
	EndGlobalSection
	GlobalSection(SolutionProperties) = preSolution
		HideSolutionNode = FALSE
	EndGlobalSection
	GlobalSection(NestedProjects) = preSolution
		{181E8509-046B-4B97-ABFA-EB6589DEBB27} = {68EB8837-642D-4FC5-88F2-0D76F1246701}
		{BBC342BD-7C3B-40A5-80C5-DFFEA856408F} = {DF93D20F-3C7B-42E2-9DE4-6213F08DDEE8}
		{1CB9AA30-771C-4ED4-8312-AA3AC4052145} = {DF93D20F-3C7B-42E2-9DE4-6213F08DDEE8}
		{A9F7B0DD-BA93-4AE0-96D9-AA5463178872} = {DF93D20F-3C7B-42E2-9DE4-6213F08DDEE8}
		{F35DFA81-E23D-4E1C-8F87-E33B7D046C6E} = {DF93D20F-3C7B-42E2-9DE4-6213F08DDEE8}
		{DC53F68F-5978-4FF3-8981-92E7B9CFAABD} = {DF93D20F-3C7B-42E2-9DE4-6213F08DDEE8}
		{E234F402-2526-4E06-A872-BBE61C34730E} = {4C9C3689-114A-40FF-A86B-D4ABF4CE620B}
		{E928E9F3-8A59-4A12-9E9F-AF14CB3031A0} = {4C9C3689-114A-40FF-A86B-D4ABF4CE620B}
		{A08DFDF8-FB38-4BB9-9ACF-8E7B7AB6E8D6} = {4C9C3689-114A-40FF-A86B-D4ABF4CE620B}
		{0B0AA9B6-3E32-479F-B3C4-2514A9CDB6EB} = {4C9C3689-114A-40FF-A86B-D4ABF4CE620B}
		{58BFDCE3-41F1-4A48-BE80-CE782DD1F958} = {4C9C3689-114A-40FF-A86B-D4ABF4CE620B}
		{D5EF30FC-263A-4397-96F8-60F944234A1B} = {4C9C3689-114A-40FF-A86B-D4ABF4CE620B}
		{570B8805-4489-460C-86D9-05F382756E43} = {4C9C3689-114A-40FF-A86B-D4ABF4CE620B}
	EndGlobalSection
	GlobalSection(ExtensibilityGlobals) = postSolution
		SolutionGuid = {8A5CF0FC-569C-41A2-A190-3ECE3F9BA39D}
	EndGlobalSection
EndGlobal
